
Microsoft Visual Studio Solution File, Format Version 12.00
# Visual Studio 15
VisualStudioVersion = 15.0.28010.2036
MinimumVisualStudioVersion = 10.0.40219.1
Project("{FAE04EC0-301F-11D3-BF4B-00C04F79EFBC}") = "FireDeck3", "FireDeck3\FireDeck3.csproj", "{437AA569-4F6E-4F61-9DEC-F05F21CF2231}"
EndProject
Global
	GlobalSection(SolutionConfigurationPlatforms) = preSolution
		Debug|Any CPU = Debug|Any CPU
		Release|Any CPU = Release|Any CPU
	EndGlobalSection
	GlobalSection(ProjectConfigurationPlatforms) = postSolution
		{437AA569-4F6E-4F61-9DEC-F05F21CF2231}.Debug|Any CPU.ActiveCfg = Debug|Any CPU
		{437AA569-4F6E-4F61-9DEC-F05F21CF2231}.Debug|Any CPU.Build.0 = Debug|Any CPU
		{437AA569-4F6E-4F61-9DEC-F05F21CF2231}.Release|Any CPU.ActiveCfg = Release|Any CPU
		{437AA569-4F6E-4F61-9DEC-F05F21CF2231}.Release|Any CPU.Build.0 = Release|Any CPU
	EndGlobalSection
	GlobalSection(SolutionProperties) = preSolution
		HideSolutionNode = FALSE
	EndGlobalSection
	GlobalSection(ExtensibilityGlobals) = postSolution
		SolutionGuid = {CF6D1D6F-34E9-4D50-A169-6B45B3E96B8C}
	EndGlobalSection
EndGlobal
