
Microsoft Visual Studio Solution File, Format Version 12.00
# Visual Studio 15
VisualStudioVersion = 15.0.28010.2036
MinimumVisualStudioVersion = 10.0.40219.1
Project("{FAE04EC0-301F-11D3-BF4B-00C04F79EFBC}") = "EarthDeck", "EarthDeck\EarthDeck.csproj", "{6A2D07B4-FFF1-44DB-80DF-505A96C3871E}"
EndProject
Global
	GlobalSection(SolutionConfigurationPlatforms) = preSolution
		Debug|Any CPU = Debug|Any CPU
		Release|Any CPU = Release|Any CPU
	EndGlobalSection
	GlobalSection(ProjectConfigurationPlatforms) = postSolution
		{6A2D07B4-FFF1-44DB-80DF-505A96C3871E}.Debug|Any CPU.ActiveCfg = Debug|Any CPU
		{6A2D07B4-FFF1-44DB-80DF-505A96C3871E}.Debug|Any CPU.Build.0 = Debug|Any CPU
		{6A2D07B4-FFF1-44DB-80DF-505A96C3871E}.Release|Any CPU.ActiveCfg = Release|Any CPU
		{6A2D07B4-FFF1-44DB-80DF-505A96C3871E}.Release|Any CPU.Build.0 = Release|Any CPU
	EndGlobalSection
	GlobalSection(SolutionProperties) = preSolution
		HideSolutionNode = FALSE
	EndGlobalSection
	GlobalSection(ExtensibilityGlobals) = postSolution
		SolutionGuid = {E9A600DE-EB4B-4DF9-8D41-41D55B9ED350}
	EndGlobalSection
EndGlobal
