
Microsoft Visual Studio Solution File, Format Version 12.00
# Visual Studio 15
VisualStudioVersion = 15.0.28010.2036
MinimumVisualStudioVersion = 10.0.40219.1
Project("{FAE04EC0-301F-11D3-BF4B-00C04F79EFBC}") = "TownRPG2", "TownRPG2\TownRPG2.csproj", "{A3030C57-1669-4889-8F00-E7D4455F7E4A}"
EndProject
Global
	GlobalSection(SolutionConfigurationPlatforms) = preSolution
		Debug|Any CPU = Debug|Any CPU
		Release|Any CPU = Release|Any CPU
	EndGlobalSection
	GlobalSection(ProjectConfigurationPlatforms) = postSolution
		{A3030C57-1669-4889-8F00-E7D4455F7E4A}.Debug|Any CPU.ActiveCfg = Debug|Any CPU
		{A3030C57-1669-4889-8F00-E7D4455F7E4A}.Debug|Any CPU.Build.0 = Debug|Any CPU
		{A3030C57-1669-4889-8F00-E7D4455F7E4A}.Release|Any CPU.ActiveCfg = Release|Any CPU
		{A3030C57-1669-4889-8F00-E7D4455F7E4A}.Release|Any CPU.Build.0 = Release|Any CPU
	EndGlobalSection
	GlobalSection(SolutionProperties) = preSolution
		HideSolutionNode = FALSE
	EndGlobalSection
	GlobalSection(ExtensibilityGlobals) = postSolution
		SolutionGuid = {57EF5D23-3C1C-4FE9-A547-8863C650C23A}
	EndGlobalSection
EndGlobal
